
Microsoft Visual Studio Solution File, Format Version 12.00
# Visual Studio Version 17
VisualStudioVersion = 17.4.33103.184
MinimumVisualStudioVersion = 10.0.40219.1
Project("{9A19103F-16F7-4668-BE54-9A1E7A4F7556}") = "Localization", "src\ActualVersion\Localization\Localization.csproj", "{382D937F-636B-4541-ADC4-C06568B82851}"
EndProject
Project("{9A19103F-16F7-4668-BE54-9A1E7A4F7556}") = "LocalizationApp", "src\Test\LocalizationApp\LocalizationApp.csproj", "{A4912BAC-5978-4758-AA36-42FD7C250B1F}"
EndProject
Project("{9A19103F-16F7-4668-BE54-9A1E7A4F7556}") = "Localization.RazorLibrary", "src\Test\Localization.RazorLibrary\Localization.RazorLibrary.csproj", "{6AA79410-96D2-4EC5-AB8B-2C16EF50CECF}"
EndProject
Project("{9A19103F-16F7-4668-BE54-9A1E7A4F7556}") = "Localization.Abstractions", "src\ActualVersion\Localization.Abstractions\Localization.Abstractions.csproj", "{CACE523C-A208-4A83-BEBD-A679A0890599}"
EndProject
Project("{9A19103F-16F7-4668-BE54-9A1E7A4F7556}") = "Localization.Multiple", "src\NewVersion\Localization.Multiple\Localization.Multiple.csproj", "{5A223A32-D3B9-4FB1-887A-443A33C13AA6}"
EndProject
Project("{2150E333-8FDC-42A3-9474-1A3956D46DE8}") = "ActualVersion", "ActualVersion", "{2FB5B338-651B-4650-AD54-9878C71CE060}"
EndProject
Project("{2150E333-8FDC-42A3-9474-1A3956D46DE8}") = "NewVersion", "NewVersion", "{3A6EF80F-5999-4F9C-ACDD-85D5BF9B6AF6}"
EndProject
Project("{2150E333-8FDC-42A3-9474-1A3956D46DE8}") = "Test", "Test", "{C075484E-EFDE-4CEB-8C03-B9DEC329127F}"
EndProject
Global
	GlobalSection(SolutionConfigurationPlatforms) = preSolution
		Debug|Any CPU = Debug|Any CPU
		Release|Any CPU = Release|Any CPU
	EndGlobalSection
	GlobalSection(ProjectConfigurationPlatforms) = postSolution
		{382D937F-636B-4541-ADC4-C06568B82851}.Debug|Any CPU.ActiveCfg = Debug|Any CPU
		{382D937F-636B-4541-ADC4-C06568B82851}.Debug|Any CPU.Build.0 = Debug|Any CPU
		{382D937F-636B-4541-ADC4-C06568B82851}.Release|Any CPU.ActiveCfg = Release|Any CPU
		{382D937F-636B-4541-ADC4-C06568B82851}.Release|Any CPU.Build.0 = Release|Any CPU
		{A4912BAC-5978-4758-AA36-42FD7C250B1F}.Debug|Any CPU.ActiveCfg = Debug|Any CPU
		{A4912BAC-5978-4758-AA36-42FD7C250B1F}.Debug|Any CPU.Build.0 = Debug|Any CPU
		{A4912BAC-5978-4758-AA36-42FD7C250B1F}.Release|Any CPU.ActiveCfg = Release|Any CPU
		{A4912BAC-5978-4758-AA36-42FD7C250B1F}.Release|Any CPU.Build.0 = Release|Any CPU
		{6AA79410-96D2-4EC5-AB8B-2C16EF50CECF}.Debug|Any CPU.ActiveCfg = Debug|Any CPU
		{6AA79410-96D2-4EC5-AB8B-2C16EF50CECF}.Debug|Any CPU.Build.0 = Debug|Any CPU
		{6AA79410-96D2-4EC5-AB8B-2C16EF50CECF}.Release|Any CPU.ActiveCfg = Release|Any CPU
		{6AA79410-96D2-4EC5-AB8B-2C16EF50CECF}.Release|Any CPU.Build.0 = Release|Any CPU
		{CACE523C-A208-4A83-BEBD-A679A0890599}.Debug|Any CPU.ActiveCfg = Debug|Any CPU
		{CACE523C-A208-4A83-BEBD-A679A0890599}.Debug|Any CPU.Build.0 = Debug|Any CPU
		{CACE523C-A208-4A83-BEBD-A679A0890599}.Release|Any CPU.ActiveCfg = Release|Any CPU
		{CACE523C-A208-4A83-BEBD-A679A0890599}.Release|Any CPU.Build.0 = Release|Any CPU
		{5A223A32-D3B9-4FB1-887A-443A33C13AA6}.Debug|Any CPU.ActiveCfg = Debug|Any CPU
		{5A223A32-D3B9-4FB1-887A-443A33C13AA6}.Debug|Any CPU.Build.0 = Debug|Any CPU
		{5A223A32-D3B9-4FB1-887A-443A33C13AA6}.Release|Any CPU.ActiveCfg = Release|Any CPU
		{5A223A32-D3B9-4FB1-887A-443A33C13AA6}.Release|Any CPU.Build.0 = Release|Any CPU
	EndGlobalSection
	GlobalSection(SolutionProperties) = preSolution
		HideSolutionNode = FALSE
	EndGlobalSection
	GlobalSection(NestedProjects) = preSolution
		{382D937F-636B-4541-ADC4-C06568B82851} = {2FB5B338-651B-4650-AD54-9878C71CE060}
		{A4912BAC-5978-4758-AA36-42FD7C250B1F} = {C075484E-EFDE-4CEB-8C03-B9DEC329127F}
		{6AA79410-96D2-4EC5-AB8B-2C16EF50CECF} = {C075484E-EFDE-4CEB-8C03-B9DEC329127F}
		{CACE523C-A208-4A83-BEBD-A679A0890599} = {2FB5B338-651B-4650-AD54-9878C71CE060}
		{5A223A32-D3B9-4FB1-887A-443A33C13AA6} = {3A6EF80F-5999-4F9C-ACDD-85D5BF9B6AF6}
	EndGlobalSection
	GlobalSection(ExtensibilityGlobals) = postSolution
		SolutionGuid = {9B60EDE1-9ED4-438B-BE23-10215B2E6FFE}
	EndGlobalSection
EndGlobal
